
Microsoft Visual Studio Solution File, Format Version 12.00
# Visual Studio Version 16
VisualStudioVersion = 16.0.31005.135
MinimumVisualStudioVersion = 10.0.40219.1
Project("{FAE04EC0-301F-11D3-BF4B-00C04F79EFBC}") = "ContactsAppUI", "ContactsAppUI\ContactsAppUI.csproj", "{9D8A1B2F-191F-43AC-A9C5-EE17204813C5}"
EndProject
Project("{FAE04EC0-301F-11D3-BF4B-00C04F79EFBC}") = "ContactsApp", "ContactsApp\ContactsApp.csproj", "{E84A706F-4F12-4CEF-827B-0DD551035C7F}"
EndProject
Global
	GlobalSection(SolutionConfigurationPlatforms) = preSolution
		Debug|Any CPU = Debug|Any CPU
		Release|Any CPU = Release|Any CPU
	EndGlobalSection
	GlobalSection(ProjectConfigurationPlatforms) = postSolution
		{9D8A1B2F-191F-43AC-A9C5-EE17204813C5}.Debug|Any CPU.ActiveCfg = Debug|Any CPU
		{9D8A1B2F-191F-43AC-A9C5-EE17204813C5}.Debug|Any CPU.Build.0 = Debug|Any CPU
		{9D8A1B2F-191F-43AC-A9C5-EE17204813C5}.Release|Any CPU.ActiveCfg = Release|Any CPU
		{9D8A1B2F-191F-43AC-A9C5-EE17204813C5}.Release|Any CPU.Build.0 = Release|Any CPU
		{E84A706F-4F12-4CEF-827B-0DD551035C7F}.Debug|Any CPU.ActiveCfg = Debug|Any CPU
		{E84A706F-4F12-4CEF-827B-0DD551035C7F}.Debug|Any CPU.Build.0 = Debug|Any CPU
		{E84A706F-4F12-4CEF-827B-0DD551035C7F}.Release|Any CPU.ActiveCfg = Release|Any CPU
		{E84A706F-4F12-4CEF-827B-0DD551035C7F}.Release|Any CPU.Build.0 = Release|Any CPU
	EndGlobalSection
	GlobalSection(SolutionProperties) = preSolution
		HideSolutionNode = FALSE
	EndGlobalSection
	GlobalSection(ExtensibilityGlobals) = postSolution
		SolutionGuid = {608E8383-1724-4EE7-9DA9-1452940E9035}
	EndGlobalSection
EndGlobal
